{
  "requires": true,
  "lockfileVersion": 1,
  "dependencies": {
    "lodash.debounce": {
      "version": "4.0.8",
      "resolved": "https://registry.npmjs.org/lodash.debounce/-/lodash.debounce-4.0.8.tgz",
      "integrity": "sha1-gteb/zCmfEAF/9XiUVMArZyk168="
    },
    "lodash.throttle": {
      "version": "4.1.1",
      "resolved": "https://registry.npmjs.org/lodash.throttle/-/lodash.throttle-4.1.1.tgz",
      "integrity": "sha1-wj6RtxAkKscMN/HhzaknTMOb8vQ="
    },
    "react-lazy-load-image-component": {
      "version": "1.4.0",
      "resolved": "https://registry.npmjs.org/react-lazy-load-image-component/-/react-lazy-load-image-component-1.4.0.tgz",
      "integrity": "sha512-o/L93CyJVvXPuA2P/ouUZI7ZXJRrdE/eqP45AH5/SakOU0bzAk2ZP6qNT/WaaXhf+JtE7hhjXxMr7KGsLNX64w==",
      "requires": {
        "lodash.debounce": "^4.0.8",
        "lodash.throttle": "^4.1.1"
      }
    }
  }
}
